
Microsoft Visual Studio Solution File, Format Version 12.00
# Visual Studio Version 17
VisualStudioVersion = 17.0.31903.59
MinimumVisualStudioVersion = 10.0.40219.1
Project("{8BC9CEB8-8B4A-11D0-8D11-00A0C91BC942}") = "StandaradTemplateProject", "StandaradTemplateProject.vcxproj", "{FBBD0F84-1520-40C7-8635-051E33C25BF8}"
EndProject
Global
	GlobalSection(SolutionConfigurationPlatforms) = preSolution
		Debug|x64 = Debug|x64
		Debug|x86 = Debug|x86
		Release|x64 = Release|x64
		Release|x86 = Release|x86
	EndGlobalSection
	GlobalSection(ProjectConfigurationPlatforms) = postSolution
		{FBBD0F84-1520-40C7-8635-051E33C25BF8}.Debug|x64.ActiveCfg = Debug|x64
		{FBBD0F84-1520-40C7-8635-051E33C25BF8}.Debug|x64.Build.0 = Debug|x64
		{FBBD0F84-1520-40C7-8635-051E33C25BF8}.Debug|x86.ActiveCfg = Debug|Win32
		{FBBD0F84-1520-40C7-8635-051E33C25BF8}.Debug|x86.Build.0 = Debug|Win32
		{FBBD0F84-1520-40C7-8635-051E33C25BF8}.Release|x64.ActiveCfg = Release|x64
		{FBBD0F84-1520-40C7-8635-051E33C25BF8}.Release|x64.Build.0 = Release|x64
		{FBBD0F84-1520-40C7-8635-051E33C25BF8}.Release|x86.ActiveCfg = Release|Win32
		{FBBD0F84-1520-40C7-8635-051E33C25BF8}.Release|x86.Build.0 = Release|Win32
	EndGlobalSection
	GlobalSection(SolutionProperties) = preSolution
		HideSolutionNode = FALSE
	EndGlobalSection
	GlobalSection(ExtensibilityGlobals) = postSolution
		SolutionGuid = {530D4791-D909-4BBF-AC0E-4C14AA91BBA1}
	EndGlobalSection
EndGlobal
